
Microsoft Visual Studio Solution File, Format Version 12.00
# Visual Studio Version 17
VisualStudioVersion = 17.3.32922.545
MinimumVisualStudioVersion = 10.0.40219.1
Project("{FAE04EC0-301F-11D3-BF4B-00C04F79EFBC}") = "la-mia-pizzeria-static", "la-mia-pizzeria-static.csproj", "{B933DEA5-5CFC-475E-9E0D-2E67F29845F5}"
EndProject
Global
	GlobalSection(SolutionConfigurationPlatforms) = preSolution
		Debug|Any CPU = Debug|Any CPU
		Release|Any CPU = Release|Any CPU
	EndGlobalSection
	GlobalSection(ProjectConfigurationPlatforms) = postSolution
		{B933DEA5-5CFC-475E-9E0D-2E67F29845F5}.Debug|Any CPU.ActiveCfg = Debug|Any CPU
		{B933DEA5-5CFC-475E-9E0D-2E67F29845F5}.Debug|Any CPU.Build.0 = Debug|Any CPU
		{B933DEA5-5CFC-475E-9E0D-2E67F29845F5}.Release|Any CPU.ActiveCfg = Release|Any CPU
		{B933DEA5-5CFC-475E-9E0D-2E67F29845F5}.Release|Any CPU.Build.0 = Release|Any CPU
	EndGlobalSection
	GlobalSection(SolutionProperties) = preSolution
		HideSolutionNode = FALSE
	EndGlobalSection
	GlobalSection(ExtensibilityGlobals) = postSolution
		SolutionGuid = {F3F00FD4-DC61-40AC-863D-9533F8462E54}
	EndGlobalSection
EndGlobal
